
Microsoft Visual Studio Solution File, Format Version 12.00
# Visual Studio 15
VisualStudioVersion = 15.0.28307.779
MinimumVisualStudioVersion = 10.0.40219.1
Project("{FAE04EC0-301F-11D3-BF4B-00C04F79EFBC}") = "Examen", "Examen\Examen.csproj", "{433C4065-65F7-4CF1-9A6D-94CCF51E6552}"
EndProject
Project("{FAE04EC0-301F-11D3-BF4B-00C04F79EFBC}") = "AccesoaDatos.Examen", "AccesoaDatos.Examen\AccesoaDatos.Examen.csproj", "{7CB0B117-613E-434B-AE65-93AA1CBBD858}"
EndProject
Project("{FAE04EC0-301F-11D3-BF4B-00C04F79EFBC}") = "Entidades.Examen", "Entidades.Examen\Entidades.Examen.csproj", "{F7FDC4BE-DDA7-47E7-B0E2-B1848CA345E3}"
EndProject
Project("{FAE04EC0-301F-11D3-BF4B-00C04F79EFBC}") = "LogicaNegocio.Examen", "LogicaNegocio.Examen\LogicaNegocio.Examen.csproj", "{07AE671B-5882-40C6-980D-3C54607141FB}"
EndProject
Global
	GlobalSection(SolutionConfigurationPlatforms) = preSolution
		Debug|Any CPU = Debug|Any CPU
		Release|Any CPU = Release|Any CPU
	EndGlobalSection
	GlobalSection(ProjectConfigurationPlatforms) = postSolution
		{433C4065-65F7-4CF1-9A6D-94CCF51E6552}.Debug|Any CPU.ActiveCfg = Debug|Any CPU
		{433C4065-65F7-4CF1-9A6D-94CCF51E6552}.Debug|Any CPU.Build.0 = Debug|Any CPU
		{433C4065-65F7-4CF1-9A6D-94CCF51E6552}.Release|Any CPU.ActiveCfg = Release|Any CPU
		{433C4065-65F7-4CF1-9A6D-94CCF51E6552}.Release|Any CPU.Build.0 = Release|Any CPU
		{7CB0B117-613E-434B-AE65-93AA1CBBD858}.Debug|Any CPU.ActiveCfg = Debug|Any CPU
		{7CB0B117-613E-434B-AE65-93AA1CBBD858}.Debug|Any CPU.Build.0 = Debug|Any CPU
		{7CB0B117-613E-434B-AE65-93AA1CBBD858}.Release|Any CPU.ActiveCfg = Release|Any CPU
		{7CB0B117-613E-434B-AE65-93AA1CBBD858}.Release|Any CPU.Build.0 = Release|Any CPU
		{F7FDC4BE-DDA7-47E7-B0E2-B1848CA345E3}.Debug|Any CPU.ActiveCfg = Debug|Any CPU
		{F7FDC4BE-DDA7-47E7-B0E2-B1848CA345E3}.Debug|Any CPU.Build.0 = Debug|Any CPU
		{F7FDC4BE-DDA7-47E7-B0E2-B1848CA345E3}.Release|Any CPU.ActiveCfg = Release|Any CPU
		{F7FDC4BE-DDA7-47E7-B0E2-B1848CA345E3}.Release|Any CPU.Build.0 = Release|Any CPU
		{07AE671B-5882-40C6-980D-3C54607141FB}.Debug|Any CPU.ActiveCfg = Debug|Any CPU
		{07AE671B-5882-40C6-980D-3C54607141FB}.Debug|Any CPU.Build.0 = Debug|Any CPU
		{07AE671B-5882-40C6-980D-3C54607141FB}.Release|Any CPU.ActiveCfg = Release|Any CPU
		{07AE671B-5882-40C6-980D-3C54607141FB}.Release|Any CPU.Build.0 = Release|Any CPU
	EndGlobalSection
	GlobalSection(SolutionProperties) = preSolution
		HideSolutionNode = FALSE
	EndGlobalSection
	GlobalSection(ExtensibilityGlobals) = postSolution
		SolutionGuid = {75399F8B-326E-409F-A8E6-AFBECB97CBAC}
	EndGlobalSection
EndGlobal
